
Microsoft Visual Studio Solution File, Format Version 12.00
# Visual Studio Version 17
VisualStudioVersion = 17.13.35825.156 d17.13
MinimumVisualStudioVersion = 10.0.40219.1
Project("{FAE04EC0-301F-11D3-BF4B-00C04F79EFBC}") = "llengthcalculartor", "llengthcalculartor.csproj", "{71A0B70F-35DF-4FB3-9FD4-2BD638C12C4F}"
EndProject
Global
	GlobalSection(SolutionConfigurationPlatforms) = preSolution
		Debug|Any CPU = Debug|Any CPU
		Release|Any CPU = Release|Any CPU
	EndGlobalSection
	GlobalSection(ProjectConfigurationPlatforms) = postSolution
		{71A0B70F-35DF-4FB3-9FD4-2BD638C12C4F}.Debug|Any CPU.ActiveCfg = Debug|Any CPU
		{71A0B70F-35DF-4FB3-9FD4-2BD638C12C4F}.Debug|Any CPU.Build.0 = Debug|Any CPU
		{71A0B70F-35DF-4FB3-9FD4-2BD638C12C4F}.Release|Any CPU.ActiveCfg = Release|Any CPU
		{71A0B70F-35DF-4FB3-9FD4-2BD638C12C4F}.Release|Any CPU.Build.0 = Release|Any CPU
	EndGlobalSection
	GlobalSection(SolutionProperties) = preSolution
		HideSolutionNode = FALSE
	EndGlobalSection
	GlobalSection(ExtensibilityGlobals) = postSolution
		SolutionGuid = {1E38CC46-2F2B-437E-A1E1-DD89D60B6771}
	EndGlobalSection
EndGlobal
